
Microsoft Visual Studio Solution File, Format Version 12.00
# Visual Studio Version 17
VisualStudioVersion = 17.13.35806.99 d17.13
MinimumVisualStudioVersion = 10.0.40219.1
Project("{FAE04EC0-301F-11D3-BF4B-00C04F79EFBC}") = "GĐBHYT_adapter", "GĐBHYT_adapter\GĐBHYT_adapter.csproj", "{A6C36AAF-AF18-4428-8DCB-2D3BB6F78384}"
EndProject
Global
	GlobalSection(SolutionConfigurationPlatforms) = preSolution
		Debug|Any CPU = Debug|Any CPU
		Release|Any CPU = Release|Any CPU
	EndGlobalSection
	GlobalSection(ProjectConfigurationPlatforms) = postSolution
		{A6C36AAF-AF18-4428-8DCB-2D3BB6F78384}.Debug|Any CPU.ActiveCfg = Debug|Any CPU
		{A6C36AAF-AF18-4428-8DCB-2D3BB6F78384}.Debug|Any CPU.Build.0 = Debug|Any CPU
		{A6C36AAF-AF18-4428-8DCB-2D3BB6F78384}.Release|Any CPU.ActiveCfg = Release|Any CPU
		{A6C36AAF-AF18-4428-8DCB-2D3BB6F78384}.Release|Any CPU.Build.0 = Release|Any CPU
	EndGlobalSection
	GlobalSection(SolutionProperties) = preSolution
		HideSolutionNode = FALSE
	EndGlobalSection
	GlobalSection(ExtensibilityGlobals) = postSolution
		SolutionGuid = {26C69980-8055-4CFD-803A-B53F2E890143}
	EndGlobalSection
EndGlobal
